{
  "name": "feature-flags",
  "version": "1.0.0",
  "lockfileVersion": 2,
  "requires": true,
  "packages": {
    "": {
      "name": "feature-flags",
      "version": "1.0.0",
      "license": "ISC",
      "dependencies": {
        "@openfeature/server-sdk": "^1.7.4"
      }
    },
    "node_modules/@openfeature/core": {
      "version": "0.0.20",
      "resolved": "https://registry.npmjs.org/@openfeature/core/-/core-0.0.20.tgz",
      "integrity": "sha512-YVokonIlYYqIV/ozp1/Td4n5j62biNC7+TvDpAFavNCUm6ULp7oT1sxCPbQhMGv+iS7nb3CSRXGDPykSjTDDoA==",
      "peer": true
    },
    "node_modules/@openfeature/server-sdk": {
      "version": "1.7.4",
      "resolved": "https://registry.npmjs.org/@openfeature/server-sdk/-/server-sdk-1.7.4.tgz",
      "integrity": "sha512-xOMNdFk+K8cn0Sh6TlooXm8V1/qW2KrNRB2q2ysmoLcwoMRwsqEhSTuBNxmnVC82SVpVUa3MOvusmF4V4JLgNg==",
      "engines": {
        "node": ">=16"
      },
      "peerDependencies": {
        "@openfeature/core": "0.0.20"
      }
    }
  },
  "dependencies": {
    "@openfeature/core": {
      "version": "0.0.20",
      "resolved": "https://registry.npmjs.org/@openfeature/core/-/core-0.0.20.tgz",
      "integrity": "sha512-YVokonIlYYqIV/ozp1/Td4n5j62biNC7+TvDpAFavNCUm6ULp7oT1sxCPbQhMGv+iS7nb3CSRXGDPykSjTDDoA==",
      "peer": true
    },
    "@openfeature/server-sdk": {
      "version": "1.7.4",
      "resolved": "https://registry.npmjs.org/@openfeature/server-sdk/-/server-sdk-1.7.4.tgz",
      "integrity": "sha512-xOMNdFk+K8cn0Sh6TlooXm8V1/qW2KrNRB2q2ysmoLcwoMRwsqEhSTuBNxmnVC82SVpVUa3MOvusmF4V4JLgNg==",
      "requires": {}
    }
  }
}
